// !$*UTF8*$!
{
	archiveVersion = 1;
	classes = {
	};
	objectVersion = 46;
	objects = {

/* Begin PBXBuildFile section */
		B08E935E186F7A6F00E8354C /* ViewController.mm in Sources */ = {isa = PBXBuildFile; fileRef = B08E935D186F7A6F00E8354C /* ViewController.mm */; };
		B097DD67186E760B00884E69 /* Foundation.framework in Frameworks */ = {isa = PBXBuildFile; fileRef = B097DD66186E760B00884E69 /* Foundation.framework */; };
		B097DD69186E760B00884E69 /* CoreGraphics.framework in Frameworks */ = {isa = PBXBuildFile; fileRef = B097DD68186E760B00884E69 /* CoreGraphics.framework */; };
		B097DD6B186E760B00884E69 /* UIKit.framework in Frameworks */ = {isa = PBXBuildFile; fileRef = B097DD6A186E760B00884E69 /* UIKit.framework */; };
		B097DD71186E760B00884E69 /* InfoPlist.strings in Resources */ = {isa = PBXBuildFile; fileRef = B097DD6F186E760B00884E69 /* InfoPlist.strings */; };
		B097DD73186E760B00884E69 /* main.m in Sources */ = {isa = PBXBuildFile; fileRef = B097DD72186E760B00884E69 /* main.m */; };
		B097DD77186E760B00884E69 /* AppDelegate.m in Sources */ = {isa = PBXBuildFile; fileRef = B097DD76186E760B00884E69 /* AppDelegate.m */; };
		B097DD7A186E760B00884E69 /* Main.storyboard in Resources */ = {isa = PBXBuildFile; fileRef = B097DD78186E760B00884E69 /* Main.storyboard */; };
		B097DD7F186E760B00884E69 /* Images.xcassets in Resources */ = {isa = PBXBuildFile; fileRef = B097DD7E186E760B00884E69 /* Images.xcassets */; };
		B097DD86186E760B00884E69 /* XCTest.framework in Frameworks */ = {isa = PBXBuildFile; fileRef = B097DD85186E760B00884E69 /* XCTest.framework */; };
		B097DD87186E760B00884E69 /* Foundation.framework in Frameworks */ = {isa = PBXBuildFile; fileRef = B097DD66186E760B00884E69 /* Foundation.framework */; };
		B097DD88186E760B00884E69 /* UIKit.framework in Frameworks */ = {isa = PBXBuildFile; fileRef = B097DD6A186E760B00884E69 /* UIKit.framework */; };
		B097DD90186E760B00884E69 /* InfoPlist.strings in Resources */ = {isa = PBXBuildFile; fileRef = B097DD8E186E760B00884E69 /* InfoPlist.strings */; };
		B097DD92186E760B00884E69 /* MandolinTests.m in Sources */ = {isa = PBXBuildFile; fileRef = B097DD91186E760B00884E69 /* MandolinTests.m */; };
		B097DDA6186E770B00884E69 /* Accelerate.framework in Frameworks */ = {isa = PBXBuildFile; fileRef = B097DDA4186E770B00884E69 /* Accelerate.framework */; };
		B097DDA7186E770B00884E69 /* AudioToolbox.framework in Frameworks */ = {isa = PBXBuildFile; fileRef = B097DDA5186E770B00884E69 /* AudioToolbox.framework */; };
		B0A661EE1927313B0064C7EC /* libSTK.a in Frameworks */ = {isa = PBXBuildFile; fileRef = B0A661EB192730EC0064C7EC /* libSTK.a */; };
		B0A661EF1927316F0064C7EC /* libTheAmazingAudioEngine.a in Frameworks */ = {isa = PBXBuildFile; fileRef = B0A661E2192730A70064C7EC /* libTheAmazingAudioEngine.a */; };
		B0A661F0192734100064C7EC /* rawwaves.bundle in Resources */ = {isa = PBXBuildFile; fileRef = B0A661ED192730EC0064C7EC /* rawwaves.bundle */; };
/* End PBXBuildFile section */

/* Begin PBXContainerItemProxy section */
		B097DD89186E760B00884E69 /* PBXContainerItemProxy */ = {
			isa = PBXContainerItemProxy;
			containerPortal = B097DD5B186E760B00884E69 /* Project object */;
			proxyType = 1;
			remoteGlobalIDString = B097DD62186E760B00884E69;
			remoteInfo = Mandolin;
		};
		B0A661E1192730A70064C7EC /* PBXContainerItemProxy */ = {
			isa = PBXContainerItemProxy;
			containerPortal = B0A661DD192730A70064C7EC /* TheAmazingAudioEngine.xcodeproj */;
			proxyType = 2;
			remoteGlobalIDString = 4C215CEC1523A7D500D36CAD;
			remoteInfo = TheAmazingAudioEngine;
		};
		B0A661E3192730B30064C7EC /* PBXContainerItemProxy */ = {
			isa = PBXContainerItemProxy;
			containerPortal = B0A661DD192730A70064C7EC /* TheAmazingAudioEngine.xcodeproj */;
			proxyType = 1;
			remoteGlobalIDString = 4C215CEB1523A7D500D36CAD;
			remoteInfo = TheAmazingAudioEngine;
		};
		B0A661EA192730EC0064C7EC /* PBXContainerItemProxy */ = {
			isa = PBXContainerItemProxy;
			containerPortal = B0A661E5192730EC0064C7EC /* STK.xcodeproj */;
			proxyType = 2;
			remoteGlobalIDString = B0AC5BEE18CB31DE00D860C0;
			remoteInfo = STK;
		};
		B0A661EC192730EC0064C7EC /* PBXContainerItemProxy */ = {
			isa = PBXContainerItemProxy;
			containerPortal = B0A661E5192730EC0064C7EC /* STK.xcodeproj */;
			proxyType = 2;
			remoteGlobalIDString = B0EC33B718CB73A70005787B;
			remoteInfo = rawwaves;
		};
/* End PBXContainerItemProxy section */

/* Begin PBXFileReference section */
		B08E935D186F7A6F00E8354C /* ViewController.mm */ = {isa = PBXFileReference; fileEncoding = 4; lastKnownFileType = sourcecode.cpp.objcpp; path = ViewController.mm; sourceTree = "<group>"; };
		B097DD63186E760B00884E69 /* Mandolin.app */ = {isa = PBXFileReference; explicitFileType = wrapper.application; includeInIndex = 0; path = Mandolin.app; sourceTree = BUILT_PRODUCTS_DIR; };
		B097DD66186E760B00884E69 /* Foundation.framework */ = {isa = PBXFileReference; lastKnownFileType = wrapper.framework; name = Foundation.framework; path = System/Library/Frameworks/Foundation.framework; sourceTree = SDKROOT; };
		B097DD68186E760B00884E69 /* CoreGraphics.framework */ = {isa = PBXFileReference; lastKnownFileType = wrapper.framework; name = CoreGraphics.framework; path = System/Library/Frameworks/CoreGraphics.framework; sourceTree = SDKROOT; };
		B097DD6A186E760B00884E69 /* UIKit.framework */ = {isa = PBXFileReference; lastKnownFileType = wrapper.framework; name = UIKit.framework; path = System/Library/Frameworks/UIKit.framework; sourceTree = SDKROOT; };
		B097DD6E186E760B00884E69 /* Mandolin-Info.plist */ = {isa = PBXFileReference; lastKnownFileType = text.plist.xml; path = "Mandolin-Info.plist"; sourceTree = "<group>"; };
		B097DD70186E760B00884E69 /* en */ = {isa = PBXFileReference; lastKnownFileType = text.plist.strings; name = en; path = en.lproj/InfoPlist.strings; sourceTree = "<group>"; };
		B097DD72186E760B00884E69 /* main.m */ = {isa = PBXFileReference; lastKnownFileType = sourcecode.c.objc; path = main.m; sourceTree = "<group>"; };
		B097DD74186E760B00884E69 /* Mandolin-Prefix.pch */ = {isa = PBXFileReference; lastKnownFileType = sourcecode.c.h; path = "Mandolin-Prefix.pch"; sourceTree = "<group>"; };
		B097DD75186E760B00884E69 /* AppDelegate.h */ = {isa = PBXFileReference; lastKnownFileType = sourcecode.c.h; path = AppDelegate.h; sourceTree = "<group>"; };
		B097DD76186E760B00884E69 /* AppDelegate.m */ = {isa = PBXFileReference; lastKnownFileType = sourcecode.c.objc; path = AppDelegate.m; sourceTree = "<group>"; };
		B097DD79186E760B00884E69 /* Base */ = {isa = PBXFileReference; lastKnownFileType = file.storyboard; name = Base; path = Base.lproj/Main.storyboard; sourceTree = "<group>"; };
		B097DD7B186E760B00884E69 /* ViewController.h */ = {isa = PBXFileReference; lastKnownFileType = sourcecode.c.h; path = ViewController.h; sourceTree = "<group>"; };
		B097DD7E186E760B00884E69 /* Images.xcassets */ = {isa = PBXFileReference; lastKnownFileType = folder.assetcatalog; path = Images.xcassets; sourceTree = "<group>"; };
		B097DD84186E760B00884E69 /* MandolinTests.xctest */ = {isa = PBXFileReference; explicitFileType = wrapper.cfbundle; includeInIndex = 0; path = MandolinTests.xctest; sourceTree = BUILT_PRODUCTS_DIR; };
		B097DD85186E760B00884E69 /* XCTest.framework */ = {isa = PBXFileReference; lastKnownFileType = wrapper.framework; name = XCTest.framework; path = Library/Frameworks/XCTest.framework; sourceTree = DEVELOPER_DIR; };
		B097DD8D186E760B00884E69 /* MandolinTests-Info.plist */ = {isa = PBXFileReference; lastKnownFileType = text.plist.xml; path = "MandolinTests-Info.plist"; sourceTree = "<group>"; };
		B097DD8F186E760B00884E69 /* en */ = {isa = PBXFileReference; lastKnownFileType = text.plist.strings; name = en; path = en.lproj/InfoPlist.strings; sourceTree = "<group>"; };
		B097DD91186E760B00884E69 /* MandolinTests.m */ = {isa = PBXFileReference; lastKnownFileType = sourcecode.c.objc; path = MandolinTests.m; sourceTree = "<group>"; };
		B097DDA4186E770B00884E69 /* Accelerate.framework */ = {isa = PBXFileReference; lastKnownFileType = wrapper.framework; name = Accelerate.framework; path = System/Library/Frameworks/Accelerate.framework; sourceTree = SDKROOT; };
		B097DDA5186E770B00884E69 /* AudioToolbox.framework */ = {isa = PBXFileReference; lastKnownFileType = wrapper.framework; name = AudioToolbox.framework; path = System/Library/Frameworks/AudioToolbox.framework; sourceTree = SDKROOT; };
		B0A661DD192730A70064C7EC /* TheAmazingAudioEngine.xcodeproj */ = {isa = PBXFileReference; lastKnownFileType = "wrapper.pb-project"; name = TheAmazingAudioEngine.xcodeproj; path = Libraries/TheAmazingAudioEngine/TheAmazingAudioEngine.xcodeproj; sourceTree = "<group>"; };
		B0A661E5192730EC0064C7EC /* STK.xcodeproj */ = {isa = PBXFileReference; lastKnownFileType = "wrapper.pb-project"; name = STK.xcodeproj; path = Libraries/stk/iOS/STK.xcodeproj; sourceTree = "<group>"; };
/* End PBXFileReference section */

/* Begin PBXFrameworksBuildPhase section */
		B097DD60186E760B00884E69 /* Frameworks */ = {
			isa = PBXFrameworksBuildPhase;
			buildActionMask = 2147483647;
			files = (
				B0A661EF1927316F0064C7EC /* libTheAmazingAudioEngine.a in Frameworks */,
				B0A661EE1927313B0064C7EC /* libSTK.a in Frameworks */,
				B097DDA6186E770B00884E69 /* Accelerate.framework in Frameworks */,
				B097DDA7186E770B00884E69 /* AudioToolbox.framework in Frameworks */,
				B097DD69186E760B00884E69 /* CoreGraphics.framework in Frameworks */,
				B097DD6B186E760B00884E69 /* UIKit.framework in Frameworks */,
				B097DD67186E760B00884E69 /* Foundation.framework in Frameworks */,
			);
			runOnlyForDeploymentPostprocessing = 0;
		};
		B097DD81186E760B00884E69 /* Frameworks */ = {
			isa = PBXFrameworksBuildPhase;
			buildActionMask = 2147483647;
			files = (
				B097DD86186E760B00884E69 /* XCTest.framework in Frameworks */,
				B097DD88186E760B00884E69 /* UIKit.framework in Frameworks */,
				B097DD87186E760B00884E69 /* Foundation.framework in Frameworks */,
			);
			runOnlyForDeploymentPostprocessing = 0;
		};
/* End PBXFrameworksBuildPhase section */

/* Begin PBXGroup section */
		B097DD5A186E760B00884E69 = {
			isa = PBXGroup;
			children = (
				B0A661E5192730EC0064C7EC /* STK.xcodeproj */,
				B0A661DD192730A70064C7EC /* TheAmazingAudioEngine.xcodeproj */,
				B097DD6C186E760B00884E69 /* Mandolin */,
				B097DD8B186E760B00884E69 /* MandolinTests */,
				B097DD65186E760B00884E69 /* Frameworks */,
				B097DD64186E760B00884E69 /* Products */,
			);
			sourceTree = "<group>";
		};
		B097DD64186E760B00884E69 /* Products */ = {
			isa = PBXGroup;
			children = (
				B097DD63186E760B00884E69 /* Mandolin.app */,
				B097DD84186E760B00884E69 /* MandolinTests.xctest */,
			);
			name = Products;
			sourceTree = "<group>";
		};
		B097DD65186E760B00884E69 /* Frameworks */ = {
			isa = PBXGroup;
			children = (
				B097DDA4186E770B00884E69 /* Accelerate.framework */,
				B097DDA5186E770B00884E69 /* AudioToolbox.framework */,
				B097DD66186E760B00884E69 /* Foundation.framework */,
				B097DD68186E760B00884E69 /* CoreGraphics.framework */,
				B097DD6A186E760B00884E69 /* UIKit.framework */,
				B097DD85186E760B00884E69 /* XCTest.framework */,
			);
			name = Frameworks;
			sourceTree = "<group>";
		};
		B097DD6C186E760B00884E69 /* Mandolin */ = {
			isa = PBXGroup;
			children = (
				B097DD75186E760B00884E69 /* AppDelegate.h */,
				B097DD76186E760B00884E69 /* AppDelegate.m */,
				B097DD78186E760B00884E69 /* Main.storyboard */,
				B097DD7B186E760B00884E69 /* ViewController.h */,
				B08E935D186F7A6F00E8354C /* ViewController.mm */,
				B097DD7E186E760B00884E69 /* Images.xcassets */,
				B097DD6D186E760B00884E69 /* Supporting Files */,
			);
			path = Mandolin;
			sourceTree = "<group>";
		};
		B097DD6D186E760B00884E69 /* Supporting Files */ = {
			isa = PBXGroup;
			children = (
				B097DD6E186E760B00884E69 /* Mandolin-Info.plist */,
				B097DD6F186E760B00884E69 /* InfoPlist.strings */,
				B097DD72186E760B00884E69 /* main.m */,
				B097DD74186E760B00884E69 /* Mandolin-Prefix.pch */,
			);
			name = "Supporting Files";
			sourceTree = "<group>";
		};
		B097DD8B186E760B00884E69 /* MandolinTests */ = {
			isa = PBXGroup;
			children = (
				B097DD91186E760B00884E69 /* MandolinTests.m */,
				B097DD8C186E760B00884E69 /* Supporting Files */,
			);
			path = MandolinTests;
			sourceTree = "<group>";
		};
		B097DD8C186E760B00884E69 /* Supporting Files */ = {
			isa = PBXGroup;
			children = (
				B097DD8D186E760B00884E69 /* MandolinTests-Info.plist */,
				B097DD8E186E760B00884E69 /* InfoPlist.strings */,
			);
			name = "Supporting Files";
			sourceTree = "<group>";
		};
		B0A661DE192730A70064C7EC /* Products */ = {
			isa = PBXGroup;
			children = (
				B0A661E2192730A70064C7EC /* libTheAmazingAudioEngine.a */,
			);
			name = Products;
			sourceTree = "<group>";
		};
		B0A661E6192730EC0064C7EC /* Products */ = {
			isa = PBXGroup;
			children = (
				B0A661EB192730EC0064C7EC /* libSTK.a */,
				B0A661ED192730EC0064C7EC /* rawwaves.bundle */,
			);
			name = Products;
			sourceTree = "<group>";
		};
/* End PBXGroup section */

/* Begin PBXNativeTarget section */
		B097DD62186E760B00884E69 /* Mandolin */ = {
			isa = PBXNativeTarget;
			buildConfigurationList = B097DD95186E760B00884E69 /* Build configuration list for PBXNativeTarget "Mandolin" */;
			buildPhases = (
				B097DD5F186E760B00884E69 /* Sources */,
				B097DD60186E760B00884E69 /* Frameworks */,
				B097DD61186E760B00884E69 /* Resources */,
			);
			buildRules = (
			);
			dependencies = (
				B0A661E4192730B30064C7EC /* PBXTargetDependency */,
			);
			name = Mandolin;
			productName = Mandolin;
			productReference = B097DD63186E760B00884E69 /* Mandolin.app */;
			productType = "com.apple.product-type.application";
		};
		B097DD83186E760B00884E69 /* MandolinTests */ = {
			isa = PBXNativeTarget;
			buildConfigurationList = B097DD98186E760B00884E69 /* Build configuration list for PBXNativeTarget "MandolinTests" */;
			buildPhases = (
				B097DD80186E760B00884E69 /* Sources */,
				B097DD81186E760B00884E69 /* Frameworks */,
				B097DD82186E760B00884E69 /* Resources */,
			);
			buildRules = (
			);
			dependencies = (
				B097DD8A186E760B00884E69 /* PBXTargetDependency */,
			);
			name = MandolinTests;
			productName = MandolinTests;
			productReference = B097DD84186E760B00884E69 /* MandolinTests.xctest */;
			productType = "com.apple.product-type.bundle.unit-test";
		};
/* End PBXNativeTarget section */

/* Begin PBXProject section */
		B097DD5B186E760B00884E69 /* Project object */ = {
			isa = PBXProject;
			attributes = {
				LastUpgradeCheck = 0510;
				ORGANIZATIONNAME = Bellpipe;
				TargetAttributes = {
					B097DD83186E760B00884E69 = {
						TestTargetID = B097DD62186E760B00884E69;
					};
				};
			};
			buildConfigurationList = B097DD5E186E760B00884E69 /* Build configuration list for PBXProject "Mandolin" */;
			compatibilityVersion = "Xcode 3.2";
			developmentRegion = English;
			hasScannedForEncodings = 0;
			knownRegions = (
				en,
				Base,
			);
			mainGroup = B097DD5A186E760B00884E69;
			productRefGroup = B097DD64186E760B00884E69 /* Products */;
			projectDirPath = "";
			projectReferences = (
				{
					ProductGroup = B0A661E6192730EC0064C7EC /* Products */;
					ProjectRef = B0A661E5192730EC0064C7EC /* STK.xcodeproj */;
				},
				{
					ProductGroup = B0A661DE192730A70064C7EC /* Products */;
					ProjectRef = B0A661DD192730A70064C7EC /* TheAmazingAudioEngine.xcodeproj */;
				},
			);
			projectRoot = "";
			targets = (
				B097DD62186E760B00884E69 /* Mandolin */,
				B097DD83186E760B00884E69 /* MandolinTests */,
			);
		};
/* End PBXProject section */

/* Begin PBXReferenceProxy section */
		B0A661E2192730A70064C7EC /* libTheAmazingAudioEngine.a */ = {
			isa = PBXReferenceProxy;
			fileType = archive.ar;
			path = libTheAmazingAudioEngine.a;
			remoteRef = B0A661E1192730A70064C7EC /* PBXContainerItemProxy */;
			sourceTree = BUILT_PRODUCTS_DIR;
		};
		B0A661EB192730EC0064C7EC /* libSTK.a */ = {
			isa = PBXReferenceProxy;
			fileType = archive.ar;
			path = libSTK.a;
			remoteRef = B0A661EA192730EC0064C7EC /* PBXContainerItemProxy */;
			sourceTree = BUILT_PRODUCTS_DIR;
		};
		B0A661ED192730EC0064C7EC /* rawwaves.bundle */ = {
			isa = PBXReferenceProxy;
			fileType = wrapper.cfbundle;
			path = rawwaves.bundle;
			remoteRef = B0A661EC192730EC0064C7EC /* PBXContainerItemProxy */;
			sourceTree = BUILT_PRODUCTS_DIR;
		};
/* End PBXReferenceProxy section */

/* Begin PBXResourcesBuildPhase section */
		B097DD61186E760B00884E69 /* Resources */ = {
			isa = PBXResourcesBuildPhase;
			buildActionMask = 2147483647;
			files = (
				B097DD7F186E760B00884E69 /* Images.xcassets in Resources */,
				B097DD71186E760B00884E69 /* InfoPlist.strings in Resources */,
				B097DD7A186E760B00884E69 /* Main.storyboard in Resources */,
				B0A661F0192734100064C7EC /* rawwaves.bundle in Resources */,
			);
			runOnlyForDeploymentPostprocessing = 0;
		};
		B097DD82186E760B00884E69 /* Resources */ = {
			isa = PBXResourcesBuildPhase;
			buildActionMask = 2147483647;
			files = (
				B097DD90186E760B00884E69 /* InfoPlist.strings in Resources */,
			);
			runOnlyForDeploymentPostprocessing = 0;
		};
/* End PBXResourcesBuildPhase section */

/* Begin PBXSourcesBuildPhase section */
		B097DD5F186E760B00884E69 /* Sources */ = {
			isa = PBXSourcesBuildPhase;
			buildActionMask = 2147483647;
			files = (
				B097DD77186E760B00884E69 /* AppDelegate.m in Sources */,
				B097DD73186E760B00884E69 /* main.m in Sources */,
				B08E935E186F7A6F00E8354C /* ViewController.mm in Sources */,
			);
			runOnlyForDeploymentPostprocessing = 0;
		};
		B097DD80186E760B00884E69 /* Sources */ = {
			isa = PBXSourcesBuildPhase;
			buildActionMask = 2147483647;
			files = (
				B097DD92186E760B00884E69 /* MandolinTests.m in Sources */,
			);
			runOnlyForDeploymentPostprocessing = 0;
		};
/* End PBXSourcesBuildPhase section */

/* Begin PBXTargetDependency section */
		B097DD8A186E760B00884E69 /* PBXTargetDependency */ = {
			isa = PBXTargetDependency;
			target = B097DD62186E760B00884E69 /* Mandolin */;
			targetProxy = B097DD89186E760B00884E69 /* PBXContainerItemProxy */;
		};
		B0A661E4192730B30064C7EC /* PBXTargetDependency */ = {
			isa = PBXTargetDependency;
			name = TheAmazingAudioEngine;
			targetProxy = B0A661E3192730B30064C7EC /* PBXContainerItemProxy */;
		};
/* End PBXTargetDependency section */

/* Begin PBXVariantGroup section */
		B097DD6F186E760B00884E69 /* InfoPlist.strings */ = {
			isa = PBXVariantGroup;
			children = (
				B097DD70186E760B00884E69 /* en */,
			);
			name = InfoPlist.strings;
			sourceTree = "<group>";
		};
		B097DD78186E760B00884E69 /* Main.storyboard */ = {
			isa = PBXVariantGroup;
			children = (
				B097DD79186E760B00884E69 /* Base */,
			);
			name = Main.storyboard;
			sourceTree = "<group>";
		};
		B097DD8E186E760B00884E69 /* InfoPlist.strings */ = {
			isa = PBXVariantGroup;
			children = (
				B097DD8F186E760B00884E69 /* en */,
			);
			name = InfoPlist.strings;
			sourceTree = "<group>";
		};
/* End PBXVariantGroup section */

/* Begin XCBuildConfiguration section */
		B097DD93186E760B00884E69 /* Debug */ = {
			isa = XCBuildConfiguration;
			buildSettings = {
				ALWAYS_SEARCH_USER_PATHS = NO;
				CLANG_CXX_LANGUAGE_STANDARD = "gnu++0x";
				CLANG_CXX_LIBRARY = "libc++";
				CLANG_ENABLE_MODULES = YES;
				CLANG_ENABLE_OBJC_ARC = YES;
				CLANG_WARN_BOOL_CONVERSION = YES;
				CLANG_WARN_CONSTANT_CONVERSION = YES;
				CLANG_WARN_DIRECT_OBJC_ISA_USAGE = YES_ERROR;
				CLANG_WARN_EMPTY_BODY = YES;
				CLANG_WARN_ENUM_CONVERSION = YES;
				CLANG_WARN_INT_CONVERSION = YES;
				CLANG_WARN_OBJC_ROOT_CLASS = YES_ERROR;
				CLANG_WARN__DUPLICATE_METHOD_MATCH = YES;
				"CODE_SIGN_IDENTITY[sdk=iphoneos*]" = "iPhone Developer";
				COPY_PHASE_STRIP = NO;
				GCC_C_LANGUAGE_STANDARD = gnu99;
				GCC_DYNAMIC_NO_PIC = NO;
				GCC_OPTIMIZATION_LEVEL = 0;
				GCC_PREPROCESSOR_DEFINITIONS = (
					"DEBUG=1",
					"$(inherited)",
				);
				GCC_SYMBOLS_PRIVATE_EXTERN = NO;
				GCC_WARN_64_TO_32_BIT_CONVERSION = YES;
				GCC_WARN_ABOUT_RETURN_TYPE = YES_ERROR;
				GCC_WARN_UNDECLARED_SELECTOR = YES;
				GCC_WARN_UNINITIALIZED_AUTOS = YES;
				GCC_WARN_UNUSED_FUNCTION = YES;
				GCC_WARN_UNUSED_VARIABLE = YES;
				HEADER_SEARCH_PATHS = (
					stk/include/,
					"$(inherited)",
					/Applications/Xcode.app/Contents/Developer/Toolchains/XcodeDefault.xctoolchain/usr/include,
				);
				IPHONEOS_DEPLOYMENT_TARGET = 7.0;
				ONLY_ACTIVE_ARCH = YES;
				SDKROOT = iphoneos;
			};
			name = Debug;
		};
		B097DD94186E760B00884E69 /* Release */ = {
			isa = XCBuildConfiguration;
			buildSettings = {
				ALWAYS_SEARCH_USER_PATHS = NO;
				CLANG_CXX_LANGUAGE_STANDARD = "gnu++0x";
				CLANG_CXX_LIBRARY = "libc++";
				CLANG_ENABLE_MODULES = YES;
				CLANG_ENABLE_OBJC_ARC = YES;
				CLANG_WARN_BOOL_CONVERSION = YES;
				CLANG_WARN_CONSTANT_CONVERSION = YES;
				CLANG_WARN_DIRECT_OBJC_ISA_USAGE = YES_ERROR;
				CLANG_WARN_EMPTY_BODY = YES;
				CLANG_WARN_ENUM_CONVERSION = YES;
				CLANG_WARN_INT_CONVERSION = YES;
				CLANG_WARN_OBJC_ROOT_CLASS = YES_ERROR;
				CLANG_WARN__DUPLICATE_METHOD_MATCH = YES;
				"CODE_SIGN_IDENTITY[sdk=iphoneos*]" = "iPhone Developer";
				COPY_PHASE_STRIP = YES;
				ENABLE_NS_ASSERTIONS = NO;
				GCC_C_LANGUAGE_STANDARD = gnu99;
				GCC_WARN_64_TO_32_BIT_CONVERSION = YES;
				GCC_WARN_ABOUT_RETURN_TYPE = YES_ERROR;
				GCC_WARN_UNDECLARED_SELECTOR = YES;
				GCC_WARN_UNINITIALIZED_AUTOS = YES;
				GCC_WARN_UNUSED_FUNCTION = YES;
				GCC_WARN_UNUSED_VARIABLE = YES;
				HEADER_SEARCH_PATHS = (
					stk/include/,
					"$(inherited)",
					/Applications/Xcode.app/Contents/Developer/Toolchains/XcodeDefault.xctoolchain/usr/include,
				);
				IPHONEOS_DEPLOYMENT_TARGET = 7.0;
				SDKROOT = iphoneos;
				VALIDATE_PRODUCT = YES;
			};
			name = Release;
		};
		B097DD96186E760B00884E69 /* Debug */ = {
			isa = XCBuildConfiguration;
			buildSettings = {
				ASSETCATALOG_COMPILER_APPICON_NAME = AppIcon;
				ASSETCATALOG_COMPILER_LAUNCHIMAGE_NAME = LaunchImage;
				GCC_PRECOMPILE_PREFIX_HEADER = YES;
				GCC_PREFIX_HEADER = "Mandolin/Mandolin-Prefix.pch";
				HEADER_SEARCH_PATHS = (
					Libraries/stk/include/,
					Libraries/TheAmazingAudioEngine/TheAmazingAudioEngine/,
					"$(inherited)",
					/Applications/Xcode.app/Contents/Developer/Toolchains/XcodeDefault.xctoolchain/usr/include,
				);
				INFOPLIST_FILE = "Mandolin/Mandolin-Info.plist";
				PRODUCT_NAME = "$(TARGET_NAME)";
				WRAPPER_EXTENSION = app;
			};
			name = Debug;
		};
		B097DD97186E760B00884E69 /* Release */ = {
			isa = XCBuildConfiguration;
			buildSettings = {
				ASSETCATALOG_COMPILER_APPICON_NAME = AppIcon;
				ASSETCATALOG_COMPILER_LAUNCHIMAGE_NAME = LaunchImage;
				GCC_PRECOMPILE_PREFIX_HEADER = YES;
				GCC_PREFIX_HEADER = "Mandolin/Mandolin-Prefix.pch";
				HEADER_SEARCH_PATHS = (
					Libraries/stk/include/,
					Libraries/TheAmazingAudioEngine/TheAmazingAudioEngine/,
					"$(inherited)",
					/Applications/Xcode.app/Contents/Developer/Toolchains/XcodeDefault.xctoolchain/usr/include,
				);
				INFOPLIST_FILE = "Mandolin/Mandolin-Info.plist";
				PRODUCT_NAME = "$(TARGET_NAME)";
				WRAPPER_EXTENSION = app;
			};
			name = Release;
		};
		B097DD99186E760B00884E69 /* Debug */ = {
			isa = XCBuildConfiguration;
			buildSettings = {
				BUNDLE_LOADER = "$(BUILT_PRODUCTS_DIR)/Mandolin.app/Mandolin";
				FRAMEWORK_SEARCH_PATHS = (
					"$(SDKROOT)/Developer/Library/Frameworks",
					"$(inherited)",
					"$(DEVELOPER_FRAMEWORKS_DIR)",
				);
				GCC_PRECOMPILE_PREFIX_HEADER = YES;
				GCC_PREFIX_HEADER = "Mandolin/Mandolin-Prefix.pch";
				GCC_PREPROCESSOR_DEFINITIONS = (
					"DEBUG=1",
					"$(inherited)",
				);
				INFOPLIST_FILE = "MandolinTests/MandolinTests-Info.plist";
				PRODUCT_NAME = "$(TARGET_NAME)";
				TEST_HOST = "$(BUNDLE_LOADER)";
				WRAPPER_EXTENSION = xctest;
			};
			name = Debug;
		};
		B097DD9A186E760B00884E69 /* Release */ = {
			isa = XCBuildConfiguration;
			buildSettings = {
				BUNDLE_LOADER = "$(BUILT_PRODUCTS_DIR)/Mandolin.app/Mandolin";
				FRAMEWORK_SEARCH_PATHS = (
					"$(SDKROOT)/Developer/Library/Frameworks",
					"$(inherited)",
					"$(DEVELOPER_FRAMEWORKS_DIR)",
				);
				GCC_PRECOMPILE_PREFIX_HEADER = YES;
				GCC_PREFIX_HEADER = "Mandolin/Mandolin-Prefix.pch";
				INFOPLIST_FILE = "MandolinTests/MandolinTests-Info.plist";
				PRODUCT_NAME = "$(TARGET_NAME)";
				TEST_HOST = "$(BUNDLE_LOADER)";
				WRAPPER_EXTENSION = xctest;
			};
			name = Release;
		};
/* End XCBuildConfiguration section */

/* Begin XCConfigurationList section */
		B097DD5E186E760B00884E69 /* Build configuration list for PBXProject "Mandolin" */ = {
			isa = XCConfigurationList;
			buildConfigurations = (
				B097DD93186E760B00884E69 /* Debug */,
				B097DD94186E760B00884E69 /* Release */,
			);
			defaultConfigurationIsVisible = 0;
			defaultConfigurationName = Release;
		};
		B097DD95186E760B00884E69 /* Build configuration list for PBXNativeTarget "Mandolin" */ = {
			isa = XCConfigurationList;
			buildConfigurations = (
				B097DD96186E760B00884E69 /* Debug */,
				B097DD97186E760B00884E69 /* Release */,
			);
			defaultConfigurationIsVisible = 0;
			defaultConfigurationName = Release;
		};
		B097DD98186E760B00884E69 /* Build configuration list for PBXNativeTarget "MandolinTests" */ = {
			isa = XCConfigurationList;
			buildConfigurations = (
				B097DD99186E760B00884E69 /* Debug */,
				B097DD9A186E760B00884E69 /* Release */,
			);
			defaultConfigurationIsVisible = 0;
			defaultConfigurationName = Release;
		};
/* End XCConfigurationList section */
	};
	rootObject = B097DD5B186E760B00884E69 /* Project object */;
}
